
Microsoft Visual Studio Solution File, Format Version 12.00
# Visual Studio 15
VisualStudioVersion = 15.0.26124.0
MinimumVisualStudioVersion = 15.0.26124.0
Project("{FAE04EC0-301F-11D3-BF4B-00C04F79EFBC}") = "Domain", "Domain\Domain.csproj", "{D5B2378A-2902-45E0-B489-AD0DB90A1C29}"
EndProject
Project("{FAE04EC0-301F-11D3-BF4B-00C04F79EFBC}") = "Persistence", "Persistence\Persistence.csproj", "{D2A81AE0-9EB9-45BB-B9E7-5EBC04976A7E}"
EndProject
Project("{FAE04EC0-301F-11D3-BF4B-00C04F79EFBC}") = "Api", "API\Api.csproj", "{756752EC-1EC3-4751-B56A-6F9133E0705E}"
EndProject
Project("{FAE04EC0-301F-11D3-BF4B-00C04F79EFBC}") = "Application", "Application\Application.csproj", "{7ADBA3F6-CCCD-4BBB-BF08-00C91235EBD2}"
EndProject
Global
	GlobalSection(SolutionConfigurationPlatforms) = preSolution
		Debug|Any CPU = Debug|Any CPU
		Debug|x64 = Debug|x64
		Debug|x86 = Debug|x86
		Release|Any CPU = Release|Any CPU
		Release|x64 = Release|x64
		Release|x86 = Release|x86
	EndGlobalSection
	GlobalSection(SolutionProperties) = preSolution
		HideSolutionNode = FALSE
	EndGlobalSection
	GlobalSection(ProjectConfigurationPlatforms) = postSolution
		{D5B2378A-2902-45E0-B489-AD0DB90A1C29}.Debug|Any CPU.ActiveCfg = Debug|Any CPU
		{D5B2378A-2902-45E0-B489-AD0DB90A1C29}.Debug|Any CPU.Build.0 = Debug|Any CPU
		{D5B2378A-2902-45E0-B489-AD0DB90A1C29}.Debug|x64.ActiveCfg = Debug|Any CPU
		{D5B2378A-2902-45E0-B489-AD0DB90A1C29}.Debug|x64.Build.0 = Debug|Any CPU
		{D5B2378A-2902-45E0-B489-AD0DB90A1C29}.Debug|x86.ActiveCfg = Debug|Any CPU
		{D5B2378A-2902-45E0-B489-AD0DB90A1C29}.Debug|x86.Build.0 = Debug|Any CPU
		{D5B2378A-2902-45E0-B489-AD0DB90A1C29}.Release|Any CPU.ActiveCfg = Release|Any CPU
		{D5B2378A-2902-45E0-B489-AD0DB90A1C29}.Release|Any CPU.Build.0 = Release|Any CPU
		{D5B2378A-2902-45E0-B489-AD0DB90A1C29}.Release|x64.ActiveCfg = Release|Any CPU
		{D5B2378A-2902-45E0-B489-AD0DB90A1C29}.Release|x64.Build.0 = Release|Any CPU
		{D5B2378A-2902-45E0-B489-AD0DB90A1C29}.Release|x86.ActiveCfg = Release|Any CPU
		{D5B2378A-2902-45E0-B489-AD0DB90A1C29}.Release|x86.Build.0 = Release|Any CPU
		{D2A81AE0-9EB9-45BB-B9E7-5EBC04976A7E}.Debug|Any CPU.ActiveCfg = Debug|Any CPU
		{D2A81AE0-9EB9-45BB-B9E7-5EBC04976A7E}.Debug|Any CPU.Build.0 = Debug|Any CPU
		{D2A81AE0-9EB9-45BB-B9E7-5EBC04976A7E}.Debug|x64.ActiveCfg = Debug|Any CPU
		{D2A81AE0-9EB9-45BB-B9E7-5EBC04976A7E}.Debug|x64.Build.0 = Debug|Any CPU
		{D2A81AE0-9EB9-45BB-B9E7-5EBC04976A7E}.Debug|x86.ActiveCfg = Debug|Any CPU
		{D2A81AE0-9EB9-45BB-B9E7-5EBC04976A7E}.Debug|x86.Build.0 = Debug|Any CPU
		{D2A81AE0-9EB9-45BB-B9E7-5EBC04976A7E}.Release|Any CPU.ActiveCfg = Release|Any CPU
		{D2A81AE0-9EB9-45BB-B9E7-5EBC04976A7E}.Release|Any CPU.Build.0 = Release|Any CPU
		{D2A81AE0-9EB9-45BB-B9E7-5EBC04976A7E}.Release|x64.ActiveCfg = Release|Any CPU
		{D2A81AE0-9EB9-45BB-B9E7-5EBC04976A7E}.Release|x64.Build.0 = Release|Any CPU
		{D2A81AE0-9EB9-45BB-B9E7-5EBC04976A7E}.Release|x86.ActiveCfg = Release|Any CPU
		{D2A81AE0-9EB9-45BB-B9E7-5EBC04976A7E}.Release|x86.Build.0 = Release|Any CPU
		{756752EC-1EC3-4751-B56A-6F9133E0705E}.Debug|Any CPU.ActiveCfg = Debug|Any CPU
		{756752EC-1EC3-4751-B56A-6F9133E0705E}.Debug|Any CPU.Build.0 = Debug|Any CPU
		{756752EC-1EC3-4751-B56A-6F9133E0705E}.Debug|x64.ActiveCfg = Debug|Any CPU
		{756752EC-1EC3-4751-B56A-6F9133E0705E}.Debug|x64.Build.0 = Debug|Any CPU
		{756752EC-1EC3-4751-B56A-6F9133E0705E}.Debug|x86.ActiveCfg = Debug|Any CPU
		{756752EC-1EC3-4751-B56A-6F9133E0705E}.Debug|x86.Build.0 = Debug|Any CPU
		{756752EC-1EC3-4751-B56A-6F9133E0705E}.Release|Any CPU.ActiveCfg = Release|Any CPU
		{756752EC-1EC3-4751-B56A-6F9133E0705E}.Release|Any CPU.Build.0 = Release|Any CPU
		{756752EC-1EC3-4751-B56A-6F9133E0705E}.Release|x64.ActiveCfg = Release|Any CPU
		{756752EC-1EC3-4751-B56A-6F9133E0705E}.Release|x64.Build.0 = Release|Any CPU
		{756752EC-1EC3-4751-B56A-6F9133E0705E}.Release|x86.ActiveCfg = Release|Any CPU
		{756752EC-1EC3-4751-B56A-6F9133E0705E}.Release|x86.Build.0 = Release|Any CPU
		{7ADBA3F6-CCCD-4BBB-BF08-00C91235EBD2}.Debug|Any CPU.ActiveCfg = Debug|Any CPU
		{7ADBA3F6-CCCD-4BBB-BF08-00C91235EBD2}.Debug|Any CPU.Build.0 = Debug|Any CPU
		{7ADBA3F6-CCCD-4BBB-BF08-00C91235EBD2}.Debug|x64.ActiveCfg = Debug|Any CPU
		{7ADBA3F6-CCCD-4BBB-BF08-00C91235EBD2}.Debug|x64.Build.0 = Debug|Any CPU
		{7ADBA3F6-CCCD-4BBB-BF08-00C91235EBD2}.Debug|x86.ActiveCfg = Debug|Any CPU
		{7ADBA3F6-CCCD-4BBB-BF08-00C91235EBD2}.Debug|x86.Build.0 = Debug|Any CPU
		{7ADBA3F6-CCCD-4BBB-BF08-00C91235EBD2}.Release|Any CPU.ActiveCfg = Release|Any CPU
		{7ADBA3F6-CCCD-4BBB-BF08-00C91235EBD2}.Release|Any CPU.Build.0 = Release|Any CPU
		{7ADBA3F6-CCCD-4BBB-BF08-00C91235EBD2}.Release|x64.ActiveCfg = Release|Any CPU
		{7ADBA3F6-CCCD-4BBB-BF08-00C91235EBD2}.Release|x64.Build.0 = Release|Any CPU
		{7ADBA3F6-CCCD-4BBB-BF08-00C91235EBD2}.Release|x86.ActiveCfg = Release|Any CPU
		{7ADBA3F6-CCCD-4BBB-BF08-00C91235EBD2}.Release|x86.Build.0 = Release|Any CPU
	EndGlobalSection
EndGlobal
